
Microsoft Visual Studio Solution File, Format Version 12.00
# Visual Studio Version 17
VisualStudioVersion = 17.7.34221.43
MinimumVisualStudioVersion = 10.0.40219.1
Project("{9A19103F-16F7-4668-BE54-9A1E7A4F7556}") = "AmazonReviewGenerator.Api", "AmazonReviewGenerator.Api\AmazonReviewGenerator.Api.csproj", "{AD7CB86F-A95F-478B-98A9-A0889ACD3750}"
EndProject
Project("{9A19103F-16F7-4668-BE54-9A1E7A4F7556}") = "AmazonReviewGenerator.Business", "AmazonReviewGenerator.Business\AmazonReviewGenerator.Business.csproj", "{4AC4C965-17F5-4878-A2C2-2FEF07EF9D8D}"
EndProject
Project("{9A19103F-16F7-4668-BE54-9A1E7A4F7556}") = "AmazonReviewGenerator.Data", "AmazonReviewGenerator.Data\AmazonReviewGenerator.Data.csproj", "{D2178A4B-35CC-45F7-8464-2EEC5B4126EC}"
EndProject
Project("{9A19103F-16F7-4668-BE54-9A1E7A4F7556}") = "AmazonReviewGenerator.Tests", "AmazonReviewGenerator.Tests\AmazonReviewGenerator.Tests.csproj", "{3475BC21-D99E-4DB4-80ED-5EABA7F36228}"
EndProject
Global
	GlobalSection(SolutionConfigurationPlatforms) = preSolution
		Debug|Any CPU = Debug|Any CPU
		Release|Any CPU = Release|Any CPU
	EndGlobalSection
	GlobalSection(ProjectConfigurationPlatforms) = postSolution
		{AD7CB86F-A95F-478B-98A9-A0889ACD3750}.Debug|Any CPU.ActiveCfg = Debug|Any CPU
		{AD7CB86F-A95F-478B-98A9-A0889ACD3750}.Debug|Any CPU.Build.0 = Debug|Any CPU
		{AD7CB86F-A95F-478B-98A9-A0889ACD3750}.Release|Any CPU.ActiveCfg = Release|Any CPU
		{AD7CB86F-A95F-478B-98A9-A0889ACD3750}.Release|Any CPU.Build.0 = Release|Any CPU
		{4AC4C965-17F5-4878-A2C2-2FEF07EF9D8D}.Debug|Any CPU.ActiveCfg = Debug|Any CPU
		{4AC4C965-17F5-4878-A2C2-2FEF07EF9D8D}.Debug|Any CPU.Build.0 = Debug|Any CPU
		{4AC4C965-17F5-4878-A2C2-2FEF07EF9D8D}.Release|Any CPU.ActiveCfg = Release|Any CPU
		{4AC4C965-17F5-4878-A2C2-2FEF07EF9D8D}.Release|Any CPU.Build.0 = Release|Any CPU
		{D2178A4B-35CC-45F7-8464-2EEC5B4126EC}.Debug|Any CPU.ActiveCfg = Debug|Any CPU
		{D2178A4B-35CC-45F7-8464-2EEC5B4126EC}.Debug|Any CPU.Build.0 = Debug|Any CPU
		{D2178A4B-35CC-45F7-8464-2EEC5B4126EC}.Release|Any CPU.ActiveCfg = Release|Any CPU
		{D2178A4B-35CC-45F7-8464-2EEC5B4126EC}.Release|Any CPU.Build.0 = Release|Any CPU
		{3475BC21-D99E-4DB4-80ED-5EABA7F36228}.Debug|Any CPU.ActiveCfg = Debug|Any CPU
		{3475BC21-D99E-4DB4-80ED-5EABA7F36228}.Debug|Any CPU.Build.0 = Debug|Any CPU
		{3475BC21-D99E-4DB4-80ED-5EABA7F36228}.Release|Any CPU.ActiveCfg = Release|Any CPU
		{3475BC21-D99E-4DB4-80ED-5EABA7F36228}.Release|Any CPU.Build.0 = Release|Any CPU
	EndGlobalSection
	GlobalSection(SolutionProperties) = preSolution
		HideSolutionNode = FALSE
	EndGlobalSection
	GlobalSection(ExtensibilityGlobals) = postSolution
		SolutionGuid = {A5CB4AED-2CA8-4422-A981-6D9A79C5864C}
	EndGlobalSection
EndGlobal
